lockfileVersion: '9.0'

settings:
  autoInstallPeers: true
  excludeLinksFromLockfile: false

importers:

  .:
    dependencies:
      dotenv:
        specifier: ^17.4.1
        version: 17.4.1
    devDependencies:
      '@playwright/test':
        specifier: ^1.59.1
        version: 1.59.1
      '@types/node':
        specifier: ^25.5.2
        version: 25.5.2
      allure-commandline:
        specifier: ^2.38.1
        version: 2.38.1
      allure-playwright:
        specifier: 2.0.0-beta.19
        version: 2.0.0-beta.19

packages:

  '@playwright/test@1.59.1':
    resolution: {integrity: sha512-PG6q63nQg5c9rIi4/Z5lR5IVF7yU5MqmKaPOe0HSc0O2cX1fPi96sUQu5j7eo4gKCkB2AnNGoWt7y4/Xx3Kcqg==}
    engines: {node: '>=18'}
    hasBin: true

  '@types/node@25.5.2':
    resolution: {integrity: sha512-tO4ZIRKNC+MDWV4qKVZe3Ql/woTnmHDr5JD8UI5hn2pwBrHEwOEMZK7WlNb5RKB6EoJ02gwmQS9OrjuFnZYdpg==}

  allure-commandline@2.38.1:
    resolution: {integrity: sha512-qkoEz8/Y+K6XRlkJFmPEsT4bJFa2nHmYMkp6aEg6HaM4uewpJRI0jJsQhVWl8xZ6k6VtVr3vWnsAMPL5LPthvA==}
    hasBin: true

  allure-js-commons@2.0.0-beta.19:
    resolution: {integrity: sha512-sgt7TnU7s8QIzEOmLFO0T5ih4W2YbLrcsL1ElO7WN/dPzIww4G1BBJQDK98VCS+cG5qIljBYRuJ+rtzKWgtM8A==}

  allure-playwright@2.0.0-beta.19:
    resolution: {integrity: sha512-TMSZToE0oPXz0qfH1cMaO5kcMrV8GkSlM1650Hk9dwpR/ldH2zx23/E7l1f77Elpqp/bGNyekjXNhYSx9ihCVg==}

  dotenv@17.4.1:
    resolution: {integrity: sha512-k8DaKGP6r1G30Lx8V4+pCsLzKr8vLmV2paqEj1Y55GdAgJuIqpRp5FfajGF8KtwMxCz9qJc6wUIJnm053d/WCw==}
    engines: {node: '>=12'}

  fsevents@2.3.2:
    resolution: {integrity: sha512-xiqMQR4xAeHTuB9uWm+fFRcIOgKBMiOBP+eXiyT7jsgVCq1bkVygt00oASowB7EdtpOHaaPgKt812P9ab+DDKA==}
    engines: {node: ^8.16.0 || ^10.6.0 || >=11.0.0}
    os: [darwin]

  mkdirp@1.0.4:
    resolution: {integrity: sha512-vVqVZQyf3WLx2Shd0qJ9xuvqgAyKPLAiqITEtqW0oIUjzo3PePDd6fW9iFz30ef7Ysp/oiWqbhszeGWW2T6Gzw==}
    engines: {node: '>=10'}
    hasBin: true

  playwright-core@1.59.1:
    resolution: {integrity: sha512-HBV/RJg81z5BiiZ9yPzIiClYV/QMsDCKUyogwH9p3MCP6IYjUFu/MActgYAvK0oWyV9NlwM3GLBjADyWgydVyg==}
    engines: {node: '>=18'}
    hasBin: true

  playwright@1.59.1:
    resolution: {integrity: sha512-C8oWjPR3F81yljW9o5OxcWzfh6avkVwDD2VYdwIGqTkl+OGFISgypqzfu7dOe4QNLL2aqcWBmI3PMtLIK233lw==}
    engines: {node: '>=18'}
    hasBin: true

  properties@1.2.1:
    resolution: {integrity: sha512-qYNxyMj1JeW54i/EWEFsM1cVwxJbtgPp8+0Wg9XjNaK6VE/c4oRi6PNu5p7w1mNXEIQIjV5Wwn8v8Gz82/QzdQ==}
    engines: {node: '>=0.10'}

  undici-types@7.18.2:
    resolution: {integrity: sha512-AsuCzffGHJybSaRrmr5eHr81mwJU3kjw6M+uprWvCXiNeN9SOGwQ3Jn8jb8m3Z6izVgknn1R0FTCEAP2QrLY/w==}

  uuid@8.3.2:
    resolution: {integrity: sha512-+NYs2QeMWy+GWFOEm9xnn6HCDp0l7QBD7ml8zLUmJ+93Q5NF0NocErnwkTkXVFNiX3/fpC6afS8Dhb/gz7R7eg==}
    hasBin: true

snapshots:

  '@playwright/test@1.59.1':
    dependencies:
      playwright: 1.59.1

  '@types/node@25.5.2':
    dependencies:
      undici-types: 7.18.2

  allure-commandline@2.38.1: {}

  allure-js-commons@2.0.0-beta.19:
    dependencies:
      mkdirp: 1.0.4
      properties: 1.2.1
      uuid: 8.3.2

  allure-playwright@2.0.0-beta.19:
    dependencies:
      allure-js-commons: 2.0.0-beta.19

  dotenv@17.4.1: {}

  fsevents@2.3.2:
    optional: true

  mkdirp@1.0.4: {}

  playwright-core@1.59.1: {}

  playwright@1.59.1:
    dependencies:
      playwright-core: 1.59.1
    optionalDependencies:
      fsevents: 2.3.2

  properties@1.2.1: {}

  undici-types@7.18.2: {}

  uuid@8.3.2: {}
